
Microsoft Visual Studio Solution File, Format Version 12.00
# Visual Studio Version 17
VisualStudioVersion = 17.5.33516.290
MinimumVisualStudioVersion = 10.0.40219.1
Project("{8BC9CEB8-8B4A-11D0-8D11-00A0C91BC942}") = "Ylog", "Ylog.vcxproj", "{A4CCA24F-6CE0-4B1C-9FD7-C18AFD4E061F}"
EndProject
Global
	GlobalSection(SolutionConfigurationPlatforms) = preSolution
		Debug|x64 = Debug|x64
		Debug|x86 = Debug|x86
		Release|x64 = Release|x64
		Release|x86 = Release|x86
	EndGlobalSection
	GlobalSection(ProjectConfigurationPlatforms) = postSolution
		{A4CCA24F-6CE0-4B1C-9FD7-C18AFD4E061F}.Debug|x64.ActiveCfg = Debug|x64
		{A4CCA24F-6CE0-4B1C-9FD7-C18AFD4E061F}.Debug|x64.Build.0 = Debug|x64
		{A4CCA24F-6CE0-4B1C-9FD7-C18AFD4E061F}.Debug|x86.ActiveCfg = Debug|Win32
		{A4CCA24F-6CE0-4B1C-9FD7-C18AFD4E061F}.Debug|x86.Build.0 = Debug|Win32
		{A4CCA24F-6CE0-4B1C-9FD7-C18AFD4E061F}.Release|x64.ActiveCfg = Release|x64
		{A4CCA24F-6CE0-4B1C-9FD7-C18AFD4E061F}.Release|x64.Build.0 = Release|x64
		{A4CCA24F-6CE0-4B1C-9FD7-C18AFD4E061F}.Release|x86.ActiveCfg = Release|Win32
		{A4CCA24F-6CE0-4B1C-9FD7-C18AFD4E061F}.Release|x86.Build.0 = Release|Win32
	EndGlobalSection
	GlobalSection(SolutionProperties) = preSolution
		HideSolutionNode = FALSE
	EndGlobalSection
	GlobalSection(ExtensibilityGlobals) = postSolution
		SolutionGuid = {2726BBAE-F106-469C-8844-F8EA3DACF197}
	EndGlobalSection
EndGlobal
